
Microsoft Visual Studio Solution File, Format Version 12.00
# Visual Studio Version 16
VisualStudioVersion = 16.0.30011.22
MinimumVisualStudioVersion = 10.0.40219.1
Project("{FAE04EC0-301F-11D3-BF4B-00C04F79EFBC}") = "GrantsDiner", "GrantsDiner\GrantsDiner.csproj", "{FDB42442-3D9F-49E8-A88A-201817143DC9}"
EndProject
Global
	GlobalSection(SolutionConfigurationPlatforms) = preSolution
		Debug|Any CPU = Debug|Any CPU
		Release|Any CPU = Release|Any CPU
	EndGlobalSection
	GlobalSection(ProjectConfigurationPlatforms) = postSolution
		{FDB42442-3D9F-49E8-A88A-201817143DC9}.Debug|Any CPU.ActiveCfg = Debug|Any CPU
		{FDB42442-3D9F-49E8-A88A-201817143DC9}.Debug|Any CPU.Build.0 = Debug|Any CPU
		{FDB42442-3D9F-49E8-A88A-201817143DC9}.Release|Any CPU.ActiveCfg = Release|Any CPU
		{FDB42442-3D9F-49E8-A88A-201817143DC9}.Release|Any CPU.Build.0 = Release|Any CPU
	EndGlobalSection
	GlobalSection(SolutionProperties) = preSolution
		HideSolutionNode = FALSE
	EndGlobalSection
	GlobalSection(ExtensibilityGlobals) = postSolution
		SolutionGuid = {6CB97D03-8C9B-4551-AC6A-3BEF0365446C}
	EndGlobalSection
EndGlobal
